
Microsoft Visual Studio Solution File, Format Version 12.00
# Visual Studio Version 16
VisualStudioVersion = 16.0.28922.388
MinimumVisualStudioVersion = 10.0.40219.1
Project("{FAE04EC0-301F-11D3-BF4B-00C04F79EFBC}") = "demo3", "demo3\demo3.csproj", "{9501EAE1-2543-4522-97BE-0E5294A9F32A}"
EndProject
Global
	GlobalSection(SolutionConfigurationPlatforms) = preSolution
		Debug|Any CPU = Debug|Any CPU
		Release|Any CPU = Release|Any CPU
	EndGlobalSection
	GlobalSection(ProjectConfigurationPlatforms) = postSolution
		{9501EAE1-2543-4522-97BE-0E5294A9F32A}.Debug|Any CPU.ActiveCfg = Debug|Any CPU
		{9501EAE1-2543-4522-97BE-0E5294A9F32A}.Debug|Any CPU.Build.0 = Debug|Any CPU
		{9501EAE1-2543-4522-97BE-0E5294A9F32A}.Release|Any CPU.ActiveCfg = Release|Any CPU
		{9501EAE1-2543-4522-97BE-0E5294A9F32A}.Release|Any CPU.Build.0 = Release|Any CPU
	EndGlobalSection
	GlobalSection(SolutionProperties) = preSolution
		HideSolutionNode = FALSE
	EndGlobalSection
	GlobalSection(ExtensibilityGlobals) = postSolution
		SolutionGuid = {588DE8C4-6668-41F2-BC04-EA875825A822}
	EndGlobalSection
EndGlobal
